
Microsoft Visual Studio Solution File, Format Version 12.00
# Visual Studio Version 16
VisualStudioVersion = 16.0.33927.289
MinimumVisualStudioVersion = 10.0.40219.1
Project("{2150E333-8FDC-42A3-9474-1A3956D46DE8}") = "Task0", "Task0", "{3F1DD134-C563-45CC-8B58-54420F7F0B8B}"
EndProject
Project("{FAE04EC0-301F-11D3-BF4B-00C04F79EFBC}") = "Tyuiu.GoogeRA.Sprint4.Task0.V8", "Tyuiu.GoogeRA.Sprint4.Task0.V8\Tyuiu.GoogeRA.Sprint4.Task0.V8.csproj", "{080EDDE8-B72C-4022-90E6-8D4417EAC280}"
EndProject
Project("{FAE04EC0-301F-11D3-BF4B-00C04F79EFBC}") = "Tyuiu.GoogeRA.Sprint4.Task0.V8.Lib", "Tyuiu.GoogeRA.Sprint4.Task0.V8.Lib\Tyuiu.GoogeRA.Sprint4.Task0.V8.Lib.csproj", "{133A8079-1683-48A9-BF8E-527983100DAB}"
EndProject
Project("{FAE04EC0-301F-11D3-BF4B-00C04F79EFBC}") = "Tyuiu.GoogeRA.Sprint4.Task0.V8.Test", "Tyuiu.GoogeRA.Sprint4.Task0.V8.Test\Tyuiu.GoogeRA.Sprint4.Task0.V8.Test.csproj", "{FE07E5F0-450E-44B1-9A45-FD643F0FBC4A}"
EndProject
Project("{2150E333-8FDC-42A3-9474-1A3956D46DE8}") = "Task1", "Task1", "{6CB2A459-11F0-4E87-88FB-EF8564DC0B23}"
EndProject
Project("{FAE04EC0-301F-11D3-BF4B-00C04F79EFBC}") = "Tyuiu.GoogeRA.Sprint4.Task1.V23", "Tyuiu.GoogeRA.Sprint4.Task1.V23\Tyuiu.GoogeRA.Sprint4.Task1.V23.csproj", "{800EB144-956F-4C5A-BCFA-E26D1B8EF35F}"
EndProject
Project("{FAE04EC0-301F-11D3-BF4B-00C04F79EFBC}") = "Tyuiu.GoogeRA.Sprint4.Task1.V23.Test", "Tyuiu.GoogeRA.Sprint4.Task1.V23.Test\Tyuiu.GoogeRA.Sprint4.Task1.V23.Test.csproj", "{08C15D1E-47A0-4B25-9C51-AD9148F71DFE}"
EndProject
Project("{FAE04EC0-301F-11D3-BF4B-00C04F79EFBC}") = "Tyuiu.GoogeRA.Sprint4.Task1.V23.Lib", "Tyuiu.GoogeRA.Sprint4.Task1.V23.Lib\Tyuiu.GoogeRA.Sprint4.Task1.V23.Lib.csproj", "{6D05B7CF-FEFE-4262-99FC-4860BF46BB3B}"
EndProject
Project("{2150E333-8FDC-42A3-9474-1A3956D46DE8}") = "Task2", "Task2", "{1E02BD8C-0B38-4DE5-8A5B-FB132176F45F}"
EndProject
Project("{FAE04EC0-301F-11D3-BF4B-00C04F79EFBC}") = "Tyuiu.GoogeRA.Sprint4.Task2.V6", "Tyuiu.GoogeRA.Sprint4.Task2.V6\Tyuiu.GoogeRA.Sprint4.Task2.V6.csproj", "{4ADFEFA0-1FD0-4AE3-8400-09523348F969}"
EndProject
Project("{FAE04EC0-301F-11D3-BF4B-00C04F79EFBC}") = "Tyuiu.GoogeRA.Sprint4.Task2.V6.Lib", "Tyuiu.GoogeRA.Sprint4.Task2.V6.Lib\Tyuiu.GoogeRA.Sprint4.Task2.V6.Lib.csproj", "{B2B0EE57-A26B-4379-A744-8A0FA381BD6D}"
EndProject
Project("{FAE04EC0-301F-11D3-BF4B-00C04F79EFBC}") = "Tyuiu.GoogeRA.Sprint4.Task2.V6.Test", "Tyuiu.GoogeRA.Sprint4.Task2.V6.Test\Tyuiu.GoogeRA.Sprint4.Task2.V6.Test.csproj", "{693657FC-8FB5-4637-A756-57B8FDFD8BD6}"
EndProject
Project("{2150E333-8FDC-42A3-9474-1A3956D46DE8}") = "Task3", "Task3", "{AAF00D60-24CD-43EB-85D7-B247BA7682B4}"
EndProject
Project("{FAE04EC0-301F-11D3-BF4B-00C04F79EFBC}") = "Tyuiu.GoogeRA.Sprint4.Task3.V19", "Tyuiu.GoogeRA.Sprint4.Task3.V19\Tyuiu.GoogeRA.Sprint4.Task3.V19.csproj", "{0455540F-C274-412F-8042-DE4193093783}"
EndProject
Project("{FAE04EC0-301F-11D3-BF4B-00C04F79EFBC}") = "Tyuiu.GoogeRA.Sprint4.Task3.V19.Test", "Tyuiu.GoogeRA.Sprint4.Task3.V19.Test\Tyuiu.GoogeRA.Sprint4.Task3.V19.Test.csproj", "{15ABFBEA-40C4-4F50-AB7C-E10FAC483987}"
EndProject
Project("{FAE04EC0-301F-11D3-BF4B-00C04F79EFBC}") = "Tyuiu.GoogeRA.Sprint4.Task3.V19.Lib", "Tyuiu.GoogeRA.Sprint4.Task3.V19.Lib\Tyuiu.GoogeRA.Sprint4.Task3.V19.Lib.csproj", "{30F76CD0-6390-4A74-976C-7224B3044242}"
EndProject
Project("{2150E333-8FDC-42A3-9474-1A3956D46DE8}") = "Task4", "Task4", "{A2717B42-5470-4E18-90AC-7735322A29FA}"
EndProject
Project("{FAE04EC0-301F-11D3-BF4B-00C04F79EFBC}") = "Tyuiu.GoogeRA.Sprint4.Task4.V24.Lib", "Tyuiu.GoogeRA.Sprint4.Task4.V24.Lib\Tyuiu.GoogeRA.Sprint4.Task4.V24.Lib.csproj", "{16B93EBF-95CD-40DB-BD1C-F8EA9E586484}"
EndProject
Project("{FAE04EC0-301F-11D3-BF4B-00C04F79EFBC}") = "Tyuiu.GoogeRA.Sprint4.Task4.V24", "Tyuiu.GoogeRA.Sprint4.Task4.V24\Tyuiu.GoogeRA.Sprint4.Task4.V24.csproj", "{CBC823B4-A83C-42E4-9E60-E99B3A50CD65}"
EndProject
Project("{FAE04EC0-301F-11D3-BF4B-00C04F79EFBC}") = "Tyuiu.GoogeRA.Sprint4.Task4.V24.Test", "Tyuiu.GoogeRA.Sprint4.Task4.V24.Test\Tyuiu.GoogeRA.Sprint4.Task4.V24.Test.csproj", "{8E3C7892-B711-486F-8A25-0F23B3900F1D}"
EndProject
Project("{2150E333-8FDC-42A3-9474-1A3956D46DE8}") = "Task5", "Task5", "{D0B4BE97-6646-478E-AB82-BA354277F857}"
EndProject
Project("{FAE04EC0-301F-11D3-BF4B-00C04F79EFBC}") = "Tyuiu.GoogeRA.Sprint4.Task5.V5", "Tyuiu.GoogeRA.Sprint4.Task5.V5\Tyuiu.GoogeRA.Sprint4.Task5.V5.csproj", "{932748E5-1633-4A97-8E09-46924DCBEE6A}"
EndProject
Project("{FAE04EC0-301F-11D3-BF4B-00C04F79EFBC}") = "Tyuiu.GoogeRA.Sprint4.Task5.V5.Lib", "Tyuiu.GoogeRA.Sprint4.Task5.V5.Lib\Tyuiu.GoogeRA.Sprint4.Task5.V5.Lib.csproj", "{C0884034-BAB9-4B6B-BA63-D1CC656A6F7D}"
EndProject
Project("{FAE04EC0-301F-11D3-BF4B-00C04F79EFBC}") = "Tyuiu.GoogeRA.Sprint4.Task5.V5.Test", "Tyuiu.GoogeRA.Sprint4.Task5.V5.Test\Tyuiu.GoogeRA.Sprint4.Task5.V5.Test.csproj", "{C1B33FED-F64B-4A02-BA09-3B97258FBFDD}"
EndProject
Project("{2150E333-8FDC-42A3-9474-1A3956D46DE8}") = "Task6", "Task6", "{86E56A81-E362-4CE4-AFE4-DA640B47FD5C}"
EndProject
Project("{FAE04EC0-301F-11D3-BF4B-00C04F79EFBC}") = "Tyuiu.GoogeRA.Sprint4.Task6.V15", "Tyuiu.GoogeRA.Sprint4.Task6.V15\Tyuiu.GoogeRA.Sprint4.Task6.V15.csproj", "{BC6ED639-36D4-4961-B1D2-5C12906C0AD4}"
EndProject
Project("{FAE04EC0-301F-11D3-BF4B-00C04F79EFBC}") = "Tyuiu.GoogeRA.Sprint4.Task6.V15.Test", "Tyuiu.GoogeRA.Sprint4.Task6.V15.Test\Tyuiu.GoogeRA.Sprint4.Task6.V15.Test.csproj", "{6A3FD9AA-E575-49F8-A999-2FFF653D5F19}"
EndProject
Project("{FAE04EC0-301F-11D3-BF4B-00C04F79EFBC}") = "Tyuiu.GoogeRA.Sprint4.Task6.V15.Lib", "Tyuiu.GoogeRA.Sprint4.Task6.V15.Lib\Tyuiu.GoogeRA.Sprint4.Task6.V15.Lib.csproj", "{06083810-9DC4-4419-9AD6-A01A5913330D}"
EndProject
Global
	GlobalSection(SolutionConfigurationPlatforms) = preSolution
		Debug|Any CPU = Debug|Any CPU
		Release|Any CPU = Release|Any CPU
	EndGlobalSection
	GlobalSection(ProjectConfigurationPlatforms) = postSolution
		{080EDDE8-B72C-4022-90E6-8D4417EAC280}.Debug|Any CPU.ActiveCfg = Debug|Any CPU
		{080EDDE8-B72C-4022-90E6-8D4417EAC280}.Debug|Any CPU.Build.0 = Debug|Any CPU
		{080EDDE8-B72C-4022-90E6-8D4417EAC280}.Release|Any CPU.ActiveCfg = Release|Any CPU
		{080EDDE8-B72C-4022-90E6-8D4417EAC280}.Release|Any CPU.Build.0 = Release|Any CPU
		{133A8079-1683-48A9-BF8E-527983100DAB}.Debug|Any CPU.ActiveCfg = Debug|Any CPU
		{133A8079-1683-48A9-BF8E-527983100DAB}.Debug|Any CPU.Build.0 = Debug|Any CPU
		{133A8079-1683-48A9-BF8E-527983100DAB}.Release|Any CPU.ActiveCfg = Release|Any CPU
		{133A8079-1683-48A9-BF8E-527983100DAB}.Release|Any CPU.Build.0 = Release|Any CPU
		{FE07E5F0-450E-44B1-9A45-FD643F0FBC4A}.Debug|Any CPU.ActiveCfg = Debug|Any CPU
		{FE07E5F0-450E-44B1-9A45-FD643F0FBC4A}.Debug|Any CPU.Build.0 = Debug|Any CPU
		{FE07E5F0-450E-44B1-9A45-FD643F0FBC4A}.Release|Any CPU.ActiveCfg = Release|Any CPU
		{FE07E5F0-450E-44B1-9A45-FD643F0FBC4A}.Release|Any CPU.Build.0 = Release|Any CPU
		{800EB144-956F-4C5A-BCFA-E26D1B8EF35F}.Debug|Any CPU.ActiveCfg = Debug|Any CPU
		{800EB144-956F-4C5A-BCFA-E26D1B8EF35F}.Debug|Any CPU.Build.0 = Debug|Any CPU
		{800EB144-956F-4C5A-BCFA-E26D1B8EF35F}.Release|Any CPU.ActiveCfg = Release|Any CPU
		{800EB144-956F-4C5A-BCFA-E26D1B8EF35F}.Release|Any CPU.Build.0 = Release|Any CPU
		{08C15D1E-47A0-4B25-9C51-AD9148F71DFE}.Debug|Any CPU.ActiveCfg = Debug|Any CPU
		{08C15D1E-47A0-4B25-9C51-AD9148F71DFE}.Debug|Any CPU.Build.0 = Debug|Any CPU
		{08C15D1E-47A0-4B25-9C51-AD9148F71DFE}.Release|Any CPU.ActiveCfg = Release|Any CPU
		{08C15D1E-47A0-4B25-9C51-AD9148F71DFE}.Release|Any CPU.Build.0 = Release|Any CPU
		{6D05B7CF-FEFE-4262-99FC-4860BF46BB3B}.Debug|Any CPU.ActiveCfg = Debug|Any CPU
		{6D05B7CF-FEFE-4262-99FC-4860BF46BB3B}.Debug|Any CPU.Build.0 = Debug|Any CPU
		{6D05B7CF-FEFE-4262-99FC-4860BF46BB3B}.Release|Any CPU.ActiveCfg = Release|Any CPU
		{6D05B7CF-FEFE-4262-99FC-4860BF46BB3B}.Release|Any CPU.Build.0 = Release|Any CPU
		{4ADFEFA0-1FD0-4AE3-8400-09523348F969}.Debug|Any CPU.ActiveCfg = Debug|Any CPU
		{4ADFEFA0-1FD0-4AE3-8400-09523348F969}.Debug|Any CPU.Build.0 = Debug|Any CPU
		{4ADFEFA0-1FD0-4AE3-8400-09523348F969}.Release|Any CPU.ActiveCfg = Release|Any CPU
		{4ADFEFA0-1FD0-4AE3-8400-09523348F969}.Release|Any CPU.Build.0 = Release|Any CPU
		{B2B0EE57-A26B-4379-A744-8A0FA381BD6D}.Debug|Any CPU.ActiveCfg = Debug|Any CPU
		{B2B0EE57-A26B-4379-A744-8A0FA381BD6D}.Debug|Any CPU.Build.0 = Debug|Any CPU
		{B2B0EE57-A26B-4379-A744-8A0FA381BD6D}.Release|Any CPU.ActiveCfg = Release|Any CPU
		{B2B0EE57-A26B-4379-A744-8A0FA381BD6D}.Release|Any CPU.Build.0 = Release|Any CPU
		{693657FC-8FB5-4637-A756-57B8FDFD8BD6}.Debug|Any CPU.ActiveCfg = Debug|Any CPU
		{693657FC-8FB5-4637-A756-57B8FDFD8BD6}.Debug|Any CPU.Build.0 = Debug|Any CPU
		{693657FC-8FB5-4637-A756-57B8FDFD8BD6}.Release|Any CPU.ActiveCfg = Release|Any CPU
		{693657FC-8FB5-4637-A756-57B8FDFD8BD6}.Release|Any CPU.Build.0 = Release|Any CPU
		{0455540F-C274-412F-8042-DE4193093783}.Debug|Any CPU.ActiveCfg = Debug|Any CPU
		{0455540F-C274-412F-8042-DE4193093783}.Debug|Any CPU.Build.0 = Debug|Any CPU
		{0455540F-C274-412F-8042-DE4193093783}.Release|Any CPU.ActiveCfg = Release|Any CPU
		{0455540F-C274-412F-8042-DE4193093783}.Release|Any CPU.Build.0 = Release|Any CPU
		{15ABFBEA-40C4-4F50-AB7C-E10FAC483987}.Debug|Any CPU.ActiveCfg = Debug|Any CPU
		{15ABFBEA-40C4-4F50-AB7C-E10FAC483987}.Debug|Any CPU.Build.0 = Debug|Any CPU
		{15ABFBEA-40C4-4F50-AB7C-E10FAC483987}.Release|Any CPU.ActiveCfg = Release|Any CPU
		{15ABFBEA-40C4-4F50-AB7C-E10FAC483987}.Release|Any CPU.Build.0 = Release|Any CPU
		{30F76CD0-6390-4A74-976C-7224B3044242}.Debug|Any CPU.ActiveCfg = Debug|Any CPU
		{30F76CD0-6390-4A74-976C-7224B3044242}.Debug|Any CPU.Build.0 = Debug|Any CPU
		{30F76CD0-6390-4A74-976C-7224B3044242}.Release|Any CPU.ActiveCfg = Release|Any CPU
		{30F76CD0-6390-4A74-976C-7224B3044242}.Release|Any CPU.Build.0 = Release|Any CPU
		{16B93EBF-95CD-40DB-BD1C-F8EA9E586484}.Debug|Any CPU.ActiveCfg = Debug|Any CPU
		{16B93EBF-95CD-40DB-BD1C-F8EA9E586484}.Debug|Any CPU.Build.0 = Debug|Any CPU
		{16B93EBF-95CD-40DB-BD1C-F8EA9E586484}.Release|Any CPU.ActiveCfg = Release|Any CPU
		{16B93EBF-95CD-40DB-BD1C-F8EA9E586484}.Release|Any CPU.Build.0 = Release|Any CPU
		{CBC823B4-A83C-42E4-9E60-E99B3A50CD65}.Debug|Any CPU.ActiveCfg = Debug|Any CPU
		{CBC823B4-A83C-42E4-9E60-E99B3A50CD65}.Debug|Any CPU.Build.0 = Debug|Any CPU
		{CBC823B4-A83C-42E4-9E60-E99B3A50CD65}.Release|Any CPU.ActiveCfg = Release|Any CPU
		{CBC823B4-A83C-42E4-9E60-E99B3A50CD65}.Release|Any CPU.Build.0 = Release|Any CPU
		{8E3C7892-B711-486F-8A25-0F23B3900F1D}.Debug|Any CPU.ActiveCfg = Debug|Any CPU
		{8E3C7892-B711-486F-8A25-0F23B3900F1D}.Debug|Any CPU.Build.0 = Debug|Any CPU
		{8E3C7892-B711-486F-8A25-0F23B3900F1D}.Release|Any CPU.ActiveCfg = Release|Any CPU
		{8E3C7892-B711-486F-8A25-0F23B3900F1D}.Release|Any CPU.Build.0 = Release|Any CPU
		{932748E5-1633-4A97-8E09-46924DCBEE6A}.Debug|Any CPU.ActiveCfg = Debug|Any CPU
		{932748E5-1633-4A97-8E09-46924DCBEE6A}.Debug|Any CPU.Build.0 = Debug|Any CPU
		{932748E5-1633-4A97-8E09-46924DCBEE6A}.Release|Any CPU.ActiveCfg = Release|Any CPU
		{932748E5-1633-4A97-8E09-46924DCBEE6A}.Release|Any CPU.Build.0 = Release|Any CPU
		{C0884034-BAB9-4B6B-BA63-D1CC656A6F7D}.Debug|Any CPU.ActiveCfg = Debug|Any CPU
		{C0884034-BAB9-4B6B-BA63-D1CC656A6F7D}.Debug|Any CPU.Build.0 = Debug|Any CPU
		{C0884034-BAB9-4B6B-BA63-D1CC656A6F7D}.Release|Any CPU.ActiveCfg = Release|Any CPU
		{C0884034-BAB9-4B6B-BA63-D1CC656A6F7D}.Release|Any CPU.Build.0 = Release|Any CPU
		{C1B33FED-F64B-4A02-BA09-3B97258FBFDD}.Debug|Any CPU.ActiveCfg = Debug|Any CPU
		{C1B33FED-F64B-4A02-BA09-3B97258FBFDD}.Debug|Any CPU.Build.0 = Debug|Any CPU
		{C1B33FED-F64B-4A02-BA09-3B97258FBFDD}.Release|Any CPU.ActiveCfg = Release|Any CPU
		{C1B33FED-F64B-4A02-BA09-3B97258FBFDD}.Release|Any CPU.Build.0 = Release|Any CPU
		{BC6ED639-36D4-4961-B1D2-5C12906C0AD4}.Debug|Any CPU.ActiveCfg = Debug|Any CPU
		{BC6ED639-36D4-4961-B1D2-5C12906C0AD4}.Debug|Any CPU.Build.0 = Debug|Any CPU
		{BC6ED639-36D4-4961-B1D2-5C12906C0AD4}.Release|Any CPU.ActiveCfg = Release|Any CPU
		{BC6ED639-36D4-4961-B1D2-5C12906C0AD4}.Release|Any CPU.Build.0 = Release|Any CPU
		{6A3FD9AA-E575-49F8-A999-2FFF653D5F19}.Debug|Any CPU.ActiveCfg = Debug|Any CPU
		{6A3FD9AA-E575-49F8-A999-2FFF653D5F19}.Debug|Any CPU.Build.0 = Debug|Any CPU
		{6A3FD9AA-E575-49F8-A999-2FFF653D5F19}.Release|Any CPU.ActiveCfg = Release|Any CPU
		{6A3FD9AA-E575-49F8-A999-2FFF653D5F19}.Release|Any CPU.Build.0 = Release|Any CPU
		{06083810-9DC4-4419-9AD6-A01A5913330D}.Debug|Any CPU.ActiveCfg = Debug|Any CPU
		{06083810-9DC4-4419-9AD6-A01A5913330D}.Debug|Any CPU.Build.0 = Debug|Any CPU
		{06083810-9DC4-4419-9AD6-A01A5913330D}.Release|Any CPU.ActiveCfg = Release|Any CPU
		{06083810-9DC4-4419-9AD6-A01A5913330D}.Release|Any CPU.Build.0 = Release|Any CPU
	EndGlobalSection
	GlobalSection(SolutionProperties) = preSolution
		HideSolutionNode = FALSE
	EndGlobalSection
	GlobalSection(NestedProjects) = preSolution
		{080EDDE8-B72C-4022-90E6-8D4417EAC280} = {3F1DD134-C563-45CC-8B58-54420F7F0B8B}
		{133A8079-1683-48A9-BF8E-527983100DAB} = {3F1DD134-C563-45CC-8B58-54420F7F0B8B}
		{FE07E5F0-450E-44B1-9A45-FD643F0FBC4A} = {3F1DD134-C563-45CC-8B58-54420F7F0B8B}
		{800EB144-956F-4C5A-BCFA-E26D1B8EF35F} = {6CB2A459-11F0-4E87-88FB-EF8564DC0B23}
		{08C15D1E-47A0-4B25-9C51-AD9148F71DFE} = {6CB2A459-11F0-4E87-88FB-EF8564DC0B23}
		{6D05B7CF-FEFE-4262-99FC-4860BF46BB3B} = {6CB2A459-11F0-4E87-88FB-EF8564DC0B23}
		{4ADFEFA0-1FD0-4AE3-8400-09523348F969} = {1E02BD8C-0B38-4DE5-8A5B-FB132176F45F}
		{B2B0EE57-A26B-4379-A744-8A0FA381BD6D} = {1E02BD8C-0B38-4DE5-8A5B-FB132176F45F}
		{693657FC-8FB5-4637-A756-57B8FDFD8BD6} = {1E02BD8C-0B38-4DE5-8A5B-FB132176F45F}
		{0455540F-C274-412F-8042-DE4193093783} = {AAF00D60-24CD-43EB-85D7-B247BA7682B4}
		{15ABFBEA-40C4-4F50-AB7C-E10FAC483987} = {AAF00D60-24CD-43EB-85D7-B247BA7682B4}
		{30F76CD0-6390-4A74-976C-7224B3044242} = {AAF00D60-24CD-43EB-85D7-B247BA7682B4}
		{16B93EBF-95CD-40DB-BD1C-F8EA9E586484} = {A2717B42-5470-4E18-90AC-7735322A29FA}
		{CBC823B4-A83C-42E4-9E60-E99B3A50CD65} = {A2717B42-5470-4E18-90AC-7735322A29FA}
		{8E3C7892-B711-486F-8A25-0F23B3900F1D} = {A2717B42-5470-4E18-90AC-7735322A29FA}
		{932748E5-1633-4A97-8E09-46924DCBEE6A} = {D0B4BE97-6646-478E-AB82-BA354277F857}
		{C0884034-BAB9-4B6B-BA63-D1CC656A6F7D} = {D0B4BE97-6646-478E-AB82-BA354277F857}
		{C1B33FED-F64B-4A02-BA09-3B97258FBFDD} = {D0B4BE97-6646-478E-AB82-BA354277F857}
		{BC6ED639-36D4-4961-B1D2-5C12906C0AD4} = {86E56A81-E362-4CE4-AFE4-DA640B47FD5C}
		{6A3FD9AA-E575-49F8-A999-2FFF653D5F19} = {86E56A81-E362-4CE4-AFE4-DA640B47FD5C}
		{06083810-9DC4-4419-9AD6-A01A5913330D} = {86E56A81-E362-4CE4-AFE4-DA640B47FD5C}
	EndGlobalSection
	GlobalSection(ExtensibilityGlobals) = postSolution
		SolutionGuid = {A4F88D7A-1B5E-46CA-BCA7-E35F54972D20}
	EndGlobalSection
EndGlobal
